
Microsoft Visual Studio Solution File, Format Version 12.00
# Visual Studio Version 16
VisualStudioVersion = 16.0.30128.74
MinimumVisualStudioVersion = 10.0.40219.1
Project("{FAE04EC0-301F-11D3-BF4B-00C04F79EFBC}") = "DummyAsyncAwitTest", "DummyAsyncAwitTest\DummyAsyncAwitTest.csproj", "{D013601E-AA18-48A3-A0D1-7E19FBF322E1}"
EndProject
Global
	GlobalSection(SolutionConfigurationPlatforms) = preSolution
		Debug|Any CPU = Debug|Any CPU
		Release|Any CPU = Release|Any CPU
	EndGlobalSection
	GlobalSection(ProjectConfigurationPlatforms) = postSolution
		{D013601E-AA18-48A3-A0D1-7E19FBF322E1}.Debug|Any CPU.ActiveCfg = Debug|Any CPU
		{D013601E-AA18-48A3-A0D1-7E19FBF322E1}.Debug|Any CPU.Build.0 = Debug|Any CPU
		{D013601E-AA18-48A3-A0D1-7E19FBF322E1}.Release|Any CPU.ActiveCfg = Release|Any CPU
		{D013601E-AA18-48A3-A0D1-7E19FBF322E1}.Release|Any CPU.Build.0 = Release|Any CPU
	EndGlobalSection
	GlobalSection(SolutionProperties) = preSolution
		HideSolutionNode = FALSE
	EndGlobalSection
	GlobalSection(ExtensibilityGlobals) = postSolution
		SolutionGuid = {D2CA5FCE-052F-4215-9F56-C51DDD283ED5}
	EndGlobalSection
EndGlobal
