
Microsoft Visual Studio Solution File, Format Version 12.00
# Visual Studio Version 16
VisualStudioVersion = 16.0.30128.74
MinimumVisualStudioVersion = 10.0.40219.1
Project("{FAE04EC0-301F-11D3-BF4B-00C04F79EFBC}") = "DummySignalIRWithJs", "DummySignalIRWithJs\DummySignalIRWithJs.csproj", "{623C9B3B-31CD-465D-8A21-F04AABFDE9B7}"
EndProject
Global
	GlobalSection(SolutionConfigurationPlatforms) = preSolution
		Debug|Any CPU = Debug|Any CPU
		Release|Any CPU = Release|Any CPU
	EndGlobalSection
	GlobalSection(ProjectConfigurationPlatforms) = postSolution
		{623C9B3B-31CD-465D-8A21-F04AABFDE9B7}.Debug|Any CPU.ActiveCfg = Debug|Any CPU
		{623C9B3B-31CD-465D-8A21-F04AABFDE9B7}.Debug|Any CPU.Build.0 = Debug|Any CPU
		{623C9B3B-31CD-465D-8A21-F04AABFDE9B7}.Release|Any CPU.ActiveCfg = Release|Any CPU
		{623C9B3B-31CD-465D-8A21-F04AABFDE9B7}.Release|Any CPU.Build.0 = Release|Any CPU
	EndGlobalSection
	GlobalSection(SolutionProperties) = preSolution
		HideSolutionNode = FALSE
	EndGlobalSection
	GlobalSection(ExtensibilityGlobals) = postSolution
		SolutionGuid = {2B61429E-6CAB-438F-B517-3B3FBBF5B09F}
	EndGlobalSection
EndGlobal
