{
  "name": "DummyCPLWeb",
  "version": "1.0.0",
  "lockfileVersion": 1,
  "requires": true,
  "dependencies": {
    "tablednd": {
      "version": "1.0.3",
      "resolved": "https://registry.npmjs.org/tablednd/-/tablednd-1.0.3.tgz",
      "integrity": "sha1-DGmSvH/j7F6IA0RoRHnJ35DARCs="
    }
  }
}
